
Microsoft Visual Studio Solution File, Format Version 12.00
# Visual Studio Version 17
VisualStudioVersion = 17.3.32929.385
MinimumVisualStudioVersion = 10.0.40219.1
Project("{9A19103F-16F7-4668-BE54-9A1E7A4F7556}") = "DepthConsulting.Core", "DepthConsulting.Core.csproj", "{4136904C-D4FA-4764-99E4-AC37B6180C5C}"
EndProject
Global
	GlobalSection(SolutionConfigurationPlatforms) = preSolution
		Debug|Any CPU = Debug|Any CPU
		Release|Any CPU = Release|Any CPU
	EndGlobalSection
	GlobalSection(ProjectConfigurationPlatforms) = postSolution
		{4136904C-D4FA-4764-99E4-AC37B6180C5C}.Debug|Any CPU.ActiveCfg = Debug|Any CPU
		{4136904C-D4FA-4764-99E4-AC37B6180C5C}.Debug|Any CPU.Build.0 = Debug|Any CPU
		{4136904C-D4FA-4764-99E4-AC37B6180C5C}.Release|Any CPU.ActiveCfg = Release|Any CPU
		{4136904C-D4FA-4764-99E4-AC37B6180C5C}.Release|Any CPU.Build.0 = Release|Any CPU
	EndGlobalSection
	GlobalSection(SolutionProperties) = preSolution
		HideSolutionNode = FALSE
	EndGlobalSection
	GlobalSection(ExtensibilityGlobals) = postSolution
		SolutionGuid = {DCD2727D-FD3A-4978-A5AD-775D62870F50}
	EndGlobalSection
EndGlobal
